
Microsoft Visual Studio Solution File, Format Version 12.00
# Visual Studio Version 16
VisualStudioVersion = 16.0.30804.86
MinimumVisualStudioVersion = 10.0.40219.1
Project("{FAE04EC0-301F-11D3-BF4B-00C04F79EFBC}") = "DomParse", "DomParse\DomParse.csproj", "{4D49BF0C-4DF5-40F1-9712-9CBA1C08C762}"
EndProject
Global
	GlobalSection(SolutionConfigurationPlatforms) = preSolution
		Debug|Any CPU = Debug|Any CPU
		Release|Any CPU = Release|Any CPU
	EndGlobalSection
	GlobalSection(ProjectConfigurationPlatforms) = postSolution
		{4D49BF0C-4DF5-40F1-9712-9CBA1C08C762}.Debug|Any CPU.ActiveCfg = Debug|Any CPU
		{4D49BF0C-4DF5-40F1-9712-9CBA1C08C762}.Debug|Any CPU.Build.0 = Debug|Any CPU
		{4D49BF0C-4DF5-40F1-9712-9CBA1C08C762}.Release|Any CPU.ActiveCfg = Release|Any CPU
		{4D49BF0C-4DF5-40F1-9712-9CBA1C08C762}.Release|Any CPU.Build.0 = Release|Any CPU
	EndGlobalSection
	GlobalSection(SolutionProperties) = preSolution
		HideSolutionNode = FALSE
	EndGlobalSection
	GlobalSection(ExtensibilityGlobals) = postSolution
		SolutionGuid = {0E64DF63-1A88-4221-A119-1BFDA8DB3238}
	EndGlobalSection
EndGlobal
